
Microsoft Visual Studio Solution File, Format Version 12.00
# Visual Studio Version 17
VisualStudioVersion = 17.6.33815.320
MinimumVisualStudioVersion = 10.0.40219.1
Project("{FAE04EC0-301F-11D3-BF4B-00C04F79EFBC}") = "Chess", "Chess.csproj", "{0E433450-39B4-4149-8DAD-3F675F6316E6}"
EndProject
Global
	GlobalSection(SolutionConfigurationPlatforms) = preSolution
		Debug|Any CPU = Debug|Any CPU
		Release|Any CPU = Release|Any CPU
	EndGlobalSection
	GlobalSection(ProjectConfigurationPlatforms) = postSolution
		{0E433450-39B4-4149-8DAD-3F675F6316E6}.Debug|Any CPU.ActiveCfg = Debug|Any CPU
		{0E433450-39B4-4149-8DAD-3F675F6316E6}.Debug|Any CPU.Build.0 = Debug|Any CPU
		{0E433450-39B4-4149-8DAD-3F675F6316E6}.Release|Any CPU.ActiveCfg = Release|Any CPU
		{0E433450-39B4-4149-8DAD-3F675F6316E6}.Release|Any CPU.Build.0 = Release|Any CPU
	EndGlobalSection
	GlobalSection(SolutionProperties) = preSolution
		HideSolutionNode = FALSE
	EndGlobalSection
	GlobalSection(ExtensibilityGlobals) = postSolution
		SolutionGuid = {D15B72B9-9224-4596-B1C6-1B5871242372}
	EndGlobalSection
EndGlobal
